
Microsoft Visual Studio Solution File, Format Version 12.00
# Visual Studio 15
VisualStudioVersion = 15.0.28307.779
MinimumVisualStudioVersion = 10.0.40219.1
Project("{FAE04EC0-301F-11D3-BF4B-00C04F79EFBC}") = "0520", "0520\0520.csproj", "{2C3FDE77-02D5-48A3-BB4F-BB9E478759BC}"
EndProject
Global
	GlobalSection(SolutionConfigurationPlatforms) = preSolution
		Debug|Any CPU = Debug|Any CPU
		Release|Any CPU = Release|Any CPU
	EndGlobalSection
	GlobalSection(ProjectConfigurationPlatforms) = postSolution
		{2C3FDE77-02D5-48A3-BB4F-BB9E478759BC}.Debug|Any CPU.ActiveCfg = Debug|Any CPU
		{2C3FDE77-02D5-48A3-BB4F-BB9E478759BC}.Debug|Any CPU.Build.0 = Debug|Any CPU
		{2C3FDE77-02D5-48A3-BB4F-BB9E478759BC}.Release|Any CPU.ActiveCfg = Release|Any CPU
		{2C3FDE77-02D5-48A3-BB4F-BB9E478759BC}.Release|Any CPU.Build.0 = Release|Any CPU
	EndGlobalSection
	GlobalSection(SolutionProperties) = preSolution
		HideSolutionNode = FALSE
	EndGlobalSection
	GlobalSection(ExtensibilityGlobals) = postSolution
		SolutionGuid = {0998872B-2882-4B45-B6A7-57265830191A}
	EndGlobalSection
EndGlobal
